// !$*UTF8*$!
{
	archiveVersion = 1;
	classes = {
	};
	objectVersion = 50;
	objects = {

/* Begin PBXBuildFile section */
		2619F7B922E1137E0090508F /* BridgeCore.cpp in Sources */ = {isa = PBXBuildFile; fileRef = 2619F7B822E1137E0090508F /* BridgeCore.cpp */; };
		2619F7DE22E18A6C0090508F /* main.cpp in Sources */ = {isa = PBXBuildFile; fileRef = 2619F7DD22E18A6C0090508F /* main.cpp */; };
		261E538922ED583D0071BE95 /* RootController.swift in Sources */ = {isa = PBXBuildFile; fileRef = 261E538822ED583D0071BE95 /* RootController.swift */; };
		2681B9EA22E08D2000942CFC /* stage.cpp in Sources */ = {isa = PBXBuildFile; fileRef = 2681B9E022E08D2000942CFC /* stage.cpp */; };
		2681B9EB22E08D2000942CFC /* runner.cpp in Sources */ = {isa = PBXBuildFile; fileRef = 2681B9E322E08D2000942CFC /* runner.cpp */; };
		2681B9ED22E08D2000942CFC /* interface.cpp in Sources */ = {isa = PBXBuildFile; fileRef = 2681B9E622E08D2000942CFC /* interface.cpp */; };
		269BEE3B22FB717700999C1B /* helper.cpp in Sources */ = {isa = PBXBuildFile; fileRef = 269BEE3922FB717700999C1B /* helper.cpp */; };
		269E53CE22E71CB600C77FC7 /* Config.xcconfig in Resources */ = {isa = PBXBuildFile; fileRef = 269E53CD22E71CB500C77FC7 /* Config.xcconfig */; };
		26BF644E22E2509800A4C03E /* WebView.swift in Sources */ = {isa = PBXBuildFile; fileRef = 26BF644D22E2509800A4C03E /* WebView.swift */; };
		26BF645022E251A900A4C03E /* ImageView.swift in Sources */ = {isa = PBXBuildFile; fileRef = 26BF644F22E251A900A4C03E /* ImageView.swift */; };
		26E75A2922E08C2C00D53C4B /* AppDelegate.swift in Sources */ = {isa = PBXBuildFile; fileRef = 26E75A2822E08C2C00D53C4B /* AppDelegate.swift */; };
		26E75A2B22E08C2C00D53C4B /* ViewController.swift in Sources */ = {isa = PBXBuildFile; fileRef = 26E75A2A22E08C2C00D53C4B /* ViewController.swift */; };
		26E75A2E22E08C2C00D53C4B /* Main.storyboard in Resources */ = {isa = PBXBuildFile; fileRef = 26E75A2C22E08C2C00D53C4B /* Main.storyboard */; };
		26E75A3022E08C2D00D53C4B /* Assets.xcassets in Resources */ = {isa = PBXBuildFile; fileRef = 26E75A2F22E08C2D00D53C4B /* Assets.xcassets */; };
		4144C78823D2BAC500738686 /* assets in Resources */ = {isa = PBXBuildFile; fileRef = 4144C78723D2BAC500738686 /* assets */; };
/* End PBXBuildFile section */

/* Begin PBXFileReference section */
		2619F7B722E1137E0090508F /* BridgeCore.h */ = {isa = PBXFileReference; fileEncoding = 4; lastKnownFileType = sourcecode.c.h; path = BridgeCore.h; sourceTree = "<group>"; };
		2619F7B822E1137E0090508F /* BridgeCore.cpp */ = {isa = PBXFileReference; fileEncoding = 4; lastKnownFileType = sourcecode.cpp.cpp; path = BridgeCore.cpp; sourceTree = "<group>"; };
		2619F7D822E177A30090508F /* Prebuilt.sh */ = {isa = PBXFileReference; lastKnownFileType = text.script.sh; path = Prebuilt.sh; sourceTree = "<group>"; };
		2619F7DD22E18A6C0090508F /* main.cpp */ = {isa = PBXFileReference; lastKnownFileType = sourcecode.cpp.cpp; path = main.cpp; sourceTree = "<group>"; };
		2619F7DF22E18E590090508F /* src */ = {isa = PBXFileReference; lastKnownFileType = folder; name = src; path = ../../src; sourceTree = "<group>"; };
		261E538822ED583D0071BE95 /* RootController.swift */ = {isa = PBXFileReference; lastKnownFileType = sourcecode.swift; path = RootController.swift; sourceTree = "<group>"; };
		2681B9E022E08D2000942CFC /* stage.cpp */ = {isa = PBXFileReference; fileEncoding = 4; lastKnownFileType = sourcecode.cpp.cpp; name = stage.cpp; path = src/stage.cpp; sourceTree = "<group>"; };
		2681B9E322E08D2000942CFC /* runner.cpp */ = {isa = PBXFileReference; fileEncoding = 4; lastKnownFileType = sourcecode.cpp.cpp; name = runner.cpp; path = src/runner.cpp; sourceTree = "<group>"; };
		2681B9E522E08D2000942CFC /* interface.h */ = {isa = PBXFileReference; fileEncoding = 4; lastKnownFileType = sourcecode.c.h; name = interface.h; path = src/interface.h; sourceTree = "<group>"; };
		2681B9E622E08D2000942CFC /* interface.cpp */ = {isa = PBXFileReference; fileEncoding = 4; lastKnownFileType = sourcecode.cpp.cpp; name = interface.cpp; path = src/interface.cpp; sourceTree = "<group>"; };
		2681B9E722E08D2000942CFC /* stage.h */ = {isa = PBXFileReference; fileEncoding = 4; lastKnownFileType = sourcecode.c.h; name = stage.h; path = src/stage.h; sourceTree = "<group>"; };
		2681B9E822E08D2000942CFC /* runner.h */ = {isa = PBXFileReference; fileEncoding = 4; lastKnownFileType = sourcecode.c.h; name = runner.h; path = src/runner.h; sourceTree = "<group>"; };
		269BEE3922FB717700999C1B /* helper.cpp */ = {isa = PBXFileReference; lastKnownFileType = sourcecode.cpp.cpp; name = helper.cpp; path = src/helper.cpp; sourceTree = "<group>"; };
		269BEE3A22FB717700999C1B /* helper.h */ = {isa = PBXFileReference; lastKnownFileType = sourcecode.c.h; name = helper.h; path = src/helper.h; sourceTree = "<group>"; };
		269E53C822E71C4400C77FC7 /* bridge.h */ = {isa = PBXFileReference; fileEncoding = 4; lastKnownFileType = sourcecode.c.h; name = bridge.h; path = src/bridge.h; sourceTree = "<group>"; };
		269E53C922E71C4400C77FC7 /* define.h */ = {isa = PBXFileReference; fileEncoding = 4; lastKnownFileType = sourcecode.c.h; name = define.h; path = src/define.h; sourceTree = "<group>"; };
		269E53CA22E71C4400C77FC7 /* main.h */ = {isa = PBXFileReference; fileEncoding = 4; lastKnownFileType = sourcecode.c.h; name = main.h; path = src/main.h; sourceTree = "<group>"; };
		269E53CD22E71CB500C77FC7 /* Config.xcconfig */ = {isa = PBXFileReference; fileEncoding = 4; lastKnownFileType = text.xcconfig; path = Config.xcconfig; sourceTree = "<group>"; };
		26BF644D22E2509800A4C03E /* WebView.swift */ = {isa = PBXFileReference; lastKnownFileType = sourcecode.swift; path = WebView.swift; sourceTree = "<group>"; };
		26BF644F22E251A900A4C03E /* ImageView.swift */ = {isa = PBXFileReference; lastKnownFileType = sourcecode.swift; path = ImageView.swift; sourceTree = "<group>"; };
		26E75A2522E08C2C00D53C4B /* cross.app */ = {isa = PBXFileReference; explicitFileType = wrapper.application; includeInIndex = 0; path = cross.app; sourceTree = BUILT_PRODUCTS_DIR; };
		26E75A2822E08C2C00D53C4B /* AppDelegate.swift */ = {isa = PBXFileReference; lastKnownFileType = sourcecode.swift; path = AppDelegate.swift; sourceTree = "<group>"; };
		26E75A2A22E08C2C00D53C4B /* ViewController.swift */ = {isa = PBXFileReference; lastKnownFileType = sourcecode.swift; path = ViewController.swift; sourceTree = "<group>"; };
		26E75A2D22E08C2C00D53C4B /* Base */ = {isa = PBXFileReference; lastKnownFileType = file.storyboard; name = Base; path = Base.lproj/Main.storyboard; sourceTree = "<group>"; };
		26E75A2F22E08C2D00D53C4B /* Assets.xcassets */ = {isa = PBXFileReference; lastKnownFileType = folder.assetcatalog; path = Assets.xcassets; sourceTree = "<group>"; };
		4144C78723D2BAC500738686 /* assets */ = {isa = PBXFileReference; lastKnownFileType = folder; name = assets; path = ../../assets; sourceTree = "<group>"; };
		4144C78923D2BD7400738686 /* Info.plist */ = {isa = PBXFileReference; fileEncoding = 4; lastKnownFileType = text.plist.xml; path = Info.plist; sourceTree = "<group>"; };
/* End PBXFileReference section */

/* Begin PBXFrameworksBuildPhase section */
		26E75A2222E08C2C00D53C4B /* Frameworks */ = {
			isa = PBXFrameworksBuildPhase;
			buildActionMask = 2147483647;
			files = (
			);
			runOnlyForDeploymentPostprocessing = 0;
		};
/* End PBXFrameworksBuildPhase section */

/* Begin PBXGroup section */
		2681B9DF22E08D2000942CFC /* core */ = {
			isa = PBXGroup;
			children = (
				269E53C822E71C4400C77FC7 /* bridge.h */,
				269E53C922E71C4400C77FC7 /* define.h */,
				269E53CA22E71C4400C77FC7 /* main.h */,
				2681B9E622E08D2000942CFC /* interface.cpp */,
				2681B9E522E08D2000942CFC /* interface.h */,
				2681B9E022E08D2000942CFC /* stage.cpp */,
				2681B9E722E08D2000942CFC /* stage.h */,
				2681B9E322E08D2000942CFC /* runner.cpp */,
				2681B9E822E08D2000942CFC /* runner.h */,
				269BEE3922FB717700999C1B /* helper.cpp */,
				269BEE3A22FB717700999C1B /* helper.h */,
			);
			name = core;
			path = ../core;
			sourceTree = "<group>";
		};
		26E75A1C22E08C2C00D53C4B = {
			isa = PBXGroup;
			children = (
				4144C78723D2BAC500738686 /* assets */,
				2619F7DF22E18E590090508F /* src */,
				2681B9DF22E08D2000942CFC /* core */,
				26E75A2722E08C2C00D53C4B /* cross */,
				26E75A2622E08C2C00D53C4B /* Products */,
			);
			sourceTree = "<group>";
		};
		26E75A2622E08C2C00D53C4B /* Products */ = {
			isa = PBXGroup;
			children = (
				26E75A2522E08C2C00D53C4B /* cross.app */,
			);
			name = Products;
			sourceTree = "<group>";
		};
		26E75A2722E08C2C00D53C4B /* cross */ = {
			isa = PBXGroup;
			children = (
				4144C78923D2BD7400738686 /* Info.plist */,
				2619F7DD22E18A6C0090508F /* main.cpp */,
				2619F7B822E1137E0090508F /* BridgeCore.cpp */,
				2619F7B722E1137E0090508F /* BridgeCore.h */,
				26E75A2822E08C2C00D53C4B /* AppDelegate.swift */,
				261E538822ED583D0071BE95 /* RootController.swift */,
				26E75A2A22E08C2C00D53C4B /* ViewController.swift */,
				26BF644D22E2509800A4C03E /* WebView.swift */,
				26BF644F22E251A900A4C03E /* ImageView.swift */,
				26E75A2C22E08C2C00D53C4B /* Main.storyboard */,
				26E75A2F22E08C2D00D53C4B /* Assets.xcassets */,
				2619F7D822E177A30090508F /* Prebuilt.sh */,
				269E53CD22E71CB500C77FC7 /* Config.xcconfig */,
			);
			path = cross;
			sourceTree = "<group>";
		};
/* End PBXGroup section */

/* Begin PBXNativeTarget section */
		26E75A2422E08C2C00D53C4B /* cross */ = {
			isa = PBXNativeTarget;
			buildConfigurationList = 26E75A3722E08C2D00D53C4B /* Build configuration list for PBXNativeTarget "cross" */;
			buildPhases = (
				2619F7BA22E114DF0090508F /* Run Script */,
				26E75A2122E08C2C00D53C4B /* Sources */,
				26E75A2222E08C2C00D53C4B /* Frameworks */,
				26E75A2322E08C2C00D53C4B /* Resources */,
			);
			buildRules = (
			);
			dependencies = (
			);
			name = cross;
			productName = cross;
			productReference = 26E75A2522E08C2C00D53C4B /* cross.app */;
			productType = "com.apple.product-type.application";
		};
/* End PBXNativeTarget section */

/* Begin PBXProject section */
		26E75A1D22E08C2C00D53C4B /* Project object */ = {
			isa = PBXProject;
			attributes = {
				LastSwiftUpdateCheck = 1020;
				LastUpgradeCheck = 1020;
				ORGANIZATIONNAME = shaidin;
				TargetAttributes = {
					26E75A2422E08C2C00D53C4B = {
						CreatedOnToolsVersion = 10.2.1;
					};
				};
			};
			buildConfigurationList = 26E75A2022E08C2C00D53C4B /* Build configuration list for PBXProject "cross" */;
			compatibilityVersion = "Xcode 9.3";
			developmentRegion = en;
			hasScannedForEncodings = 0;
			knownRegions = (
				en,
				Base,
			);
			mainGroup = 26E75A1C22E08C2C00D53C4B;
			productRefGroup = 26E75A2622E08C2C00D53C4B /* Products */;
			projectDirPath = "";
			projectRoot = "";
			targets = (
				26E75A2422E08C2C00D53C4B /* cross */,
			);
		};
/* End PBXProject section */

/* Begin PBXResourcesBuildPhase section */
		26E75A2322E08C2C00D53C4B /* Resources */ = {
			isa = PBXResourcesBuildPhase;
			buildActionMask = 2147483647;
			files = (
				26E75A3022E08C2D00D53C4B /* Assets.xcassets in Resources */,
				4144C78823D2BAC500738686 /* assets in Resources */,
				26E75A2E22E08C2C00D53C4B /* Main.storyboard in Resources */,
				269E53CE22E71CB600C77FC7 /* Config.xcconfig in Resources */,
			);
			runOnlyForDeploymentPostprocessing = 0;
		};
/* End PBXResourcesBuildPhase section */

/* Begin PBXShellScriptBuildPhase section */
		2619F7BA22E114DF0090508F /* Run Script */ = {
			isa = PBXShellScriptBuildPhase;
			buildActionMask = 2147483647;
			files = (
			);
			inputFileListPaths = (
			);
			inputPaths = (
			);
			name = "Run Script";
			outputFileListPaths = (
			);
			outputPaths = (
				cross/main.cpp,
				cross/Info.plist,
				"cross/Assets.xcassets/AppIcon.appiconset/icon-20@2.png",
				"cross/Assets.xcassets/AppIcon.appiconset/icon-20@3.png",
				"cross/Assets.xcassets/AppIcon.appiconset/icon-29@2.png",
				"cross/Assets.xcassets/AppIcon.appiconset/icon-29@3.png",
				"cross/Assets.xcassets/AppIcon.appiconset/icon-40@2.png",
				"cross/Assets.xcassets/AppIcon.appiconset/icon-40@3.png",
				"cross/Assets.xcassets/AppIcon.appiconset/icon-60@2.png",
				"cross/Assets.xcassets/AppIcon.appiconset/icon-60@3.png",
				"cross/Assets.xcassets/AppIcon.appiconset/icon-1024@1.png",
			);
			runOnlyForDeploymentPostprocessing = 0;
			shellPath = "/bin/sh cross/Prebuilt.sh";
			shellScript = "
";
			showEnvVarsInLog = 0;
		};
/* End PBXShellScriptBuildPhase section */

/* Begin PBXSourcesBuildPhase section */
		26E75A2122E08C2C00D53C4B /* Sources */ = {
			isa = PBXSourcesBuildPhase;
			buildActionMask = 2147483647;
			files = (
				26BF645022E251A900A4C03E /* ImageView.swift in Sources */,
				26E75A2B22E08C2C00D53C4B /* ViewController.swift in Sources */,
				2681B9EB22E08D2000942CFC /* runner.cpp in Sources */,
				261E538922ED583D0071BE95 /* RootController.swift in Sources */,
				2681B9EA22E08D2000942CFC /* stage.cpp in Sources */,
				269BEE3B22FB717700999C1B /* helper.cpp in Sources */,
				2619F7B922E1137E0090508F /* BridgeCore.cpp in Sources */,
				26E75A2922E08C2C00D53C4B /* AppDelegate.swift in Sources */,
				26BF644E22E2509800A4C03E /* WebView.swift in Sources */,
				2619F7DE22E18A6C0090508F /* main.cpp in Sources */,
				2681B9ED22E08D2000942CFC /* interface.cpp in Sources */,
			);
			runOnlyForDeploymentPostprocessing = 0;
		};
/* End PBXSourcesBuildPhase section */

/* Begin PBXVariantGroup section */
		26E75A2C22E08C2C00D53C4B /* Main.storyboard */ = {
			isa = PBXVariantGroup;
			children = (
				26E75A2D22E08C2C00D53C4B /* Base */,
			);
			name = Main.storyboard;
			sourceTree = "<group>";
		};
/* End PBXVariantGroup section */

/* Begin XCBuildConfiguration section */
		26E75A3522E08C2D00D53C4B /* Debug */ = {
			isa = XCBuildConfiguration;
			baseConfigurationReference = 269E53CD22E71CB500C77FC7 /* Config.xcconfig */;
			buildSettings = {
				ALWAYS_SEARCH_USER_PATHS = NO;
				CLANG_ANALYZER_NONNULL = YES;
				CLANG_ANALYZER_NUMBER_OBJECT_CONVERSION = YES_AGGRESSIVE;
				CLANG_CXX_LANGUAGE_STANDARD = "gnu++14";
				CLANG_CXX_LIBRARY = "libc++";
				CLANG_ENABLE_MODULES = YES;
				CLANG_ENABLE_OBJC_ARC = YES;
				CLANG_ENABLE_OBJC_WEAK = YES;
				CLANG_WARN_BLOCK_CAPTURE_AUTORELEASING = YES;
				CLANG_WARN_BOOL_CONVERSION = YES;
				CLANG_WARN_COMMA = YES;
				CLANG_WARN_CONSTANT_CONVERSION = YES;
				CLANG_WARN_DEPRECATED_OBJC_IMPLEMENTATIONS = YES;
				CLANG_WARN_DIRECT_OBJC_ISA_USAGE = YES_ERROR;
				CLANG_WARN_DOCUMENTATION_COMMENTS = YES;
				CLANG_WARN_EMPTY_BODY = YES;
				CLANG_WARN_ENUM_CONVERSION = YES;
				CLANG_WARN_INFINITE_RECURSION = YES;
				CLANG_WARN_INT_CONVERSION = YES;
				CLANG_WARN_NON_LITERAL_NULL_CONVERSION = YES;
				CLANG_WARN_OBJC_IMPLICIT_RETAIN_SELF = YES;
				CLANG_WARN_OBJC_LITERAL_CONVERSION = YES;
				CLANG_WARN_OBJC_ROOT_CLASS = YES_ERROR;
				CLANG_WARN_RANGE_LOOP_ANALYSIS = YES;
				CLANG_WARN_STRICT_PROTOTYPES = YES;
				CLANG_WARN_SUSPICIOUS_MOVE = YES;
				CLANG_WARN_UNGUARDED_AVAILABILITY = YES_AGGRESSIVE;
				CLANG_WARN_UNREACHABLE_CODE = YES;
				CLANG_WARN__DUPLICATE_METHOD_MATCH = YES;
				CODE_SIGN_IDENTITY = "iPhone Developer: Ali Asadpoor (PNWUR8AFGF)";
				COPY_PHASE_STRIP = NO;
				DEBUG_INFORMATION_FORMAT = dwarf;
				ENABLE_STRICT_OBJC_MSGSEND = YES;
				ENABLE_TESTABILITY = YES;
				GCC_C_LANGUAGE_STANDARD = gnu11;
				GCC_DYNAMIC_NO_PIC = NO;
				GCC_NO_COMMON_BLOCKS = YES;
				GCC_OPTIMIZATION_LEVEL = 0;
				GCC_PREPROCESSOR_DEFINITIONS = (
					"DEBUG=1",
					"$(inherited)",
				);
				GCC_WARN_64_TO_32_BIT_CONVERSION = YES;
				GCC_WARN_ABOUT_RETURN_TYPE = YES_ERROR;
				GCC_WARN_UNDECLARED_SELECTOR = YES;
				GCC_WARN_UNINITIALIZED_AUTOS = YES_AGGRESSIVE;
				GCC_WARN_UNUSED_FUNCTION = YES;
				GCC_WARN_UNUSED_VARIABLE = YES;
				IPHONEOS_DEPLOYMENT_TARGET = 12.2;
				MTL_ENABLE_DEBUG_INFO = INCLUDE_SOURCE;
				MTL_FAST_MATH = YES;
				ONLY_ACTIVE_ARCH = YES;
				SDKROOT = iphoneos;
				SWIFT_ACTIVE_COMPILATION_CONDITIONS = DEBUG;
				SWIFT_OPTIMIZATION_LEVEL = "-Onone";
			};
			name = Debug;
		};
		26E75A3622E08C2D00D53C4B /* Release */ = {
			isa = XCBuildConfiguration;
			baseConfigurationReference = 269E53CD22E71CB500C77FC7 /* Config.xcconfig */;
			buildSettings = {
				ALWAYS_SEARCH_USER_PATHS = NO;
				CLANG_ANALYZER_NONNULL = YES;
				CLANG_ANALYZER_NUMBER_OBJECT_CONVERSION = YES_AGGRESSIVE;
				CLANG_CXX_LANGUAGE_STANDARD = "gnu++14";
				CLANG_CXX_LIBRARY = "libc++";
				CLANG_ENABLE_MODULES = YES;
				CLANG_ENABLE_OBJC_ARC = YES;
				CLANG_ENABLE_OBJC_WEAK = YES;
				CLANG_WARN_BLOCK_CAPTURE_AUTORELEASING = YES;
				CLANG_WARN_BOOL_CONVERSION = YES;
				CLANG_WARN_COMMA = YES;
				CLANG_WARN_CONSTANT_CONVERSION = YES;
				CLANG_WARN_DEPRECATED_OBJC_IMPLEMENTATIONS = YES;
				CLANG_WARN_DIRECT_OBJC_ISA_USAGE = YES_ERROR;
				CLANG_WARN_DOCUMENTATION_COMMENTS = YES;
				CLANG_WARN_EMPTY_BODY = YES;
				CLANG_WARN_ENUM_CONVERSION = YES;
				CLANG_WARN_INFINITE_RECURSION = YES;
				CLANG_WARN_INT_CONVERSION = YES;
				CLANG_WARN_NON_LITERAL_NULL_CONVERSION = YES;
				CLANG_WARN_OBJC_IMPLICIT_RETAIN_SELF = YES;
				CLANG_WARN_OBJC_LITERAL_CONVERSION = YES;
				CLANG_WARN_OBJC_ROOT_CLASS = YES_ERROR;
				CLANG_WARN_RANGE_LOOP_ANALYSIS = YES;
				CLANG_WARN_STRICT_PROTOTYPES = YES;
				CLANG_WARN_SUSPICIOUS_MOVE = YES;
				CLANG_WARN_UNGUARDED_AVAILABILITY = YES_AGGRESSIVE;
				CLANG_WARN_UNREACHABLE_CODE = YES;
				CLANG_WARN__DUPLICATE_METHOD_MATCH = YES;
				CODE_SIGN_IDENTITY = "iPhone Developer: Ali Asadpoor (PNWUR8AFGF)";
				COPY_PHASE_STRIP = NO;
				DEBUG_INFORMATION_FORMAT = "dwarf-with-dsym";
				ENABLE_NS_ASSERTIONS = NO;
				ENABLE_STRICT_OBJC_MSGSEND = YES;
				GCC_C_LANGUAGE_STANDARD = gnu11;
				GCC_NO_COMMON_BLOCKS = YES;
				GCC_WARN_64_TO_32_BIT_CONVERSION = YES;
				GCC_WARN_ABOUT_RETURN_TYPE = YES_ERROR;
				GCC_WARN_UNDECLARED_SELECTOR = YES;
				GCC_WARN_UNINITIALIZED_AUTOS = YES_AGGRESSIVE;
				GCC_WARN_UNUSED_FUNCTION = YES;
				GCC_WARN_UNUSED_VARIABLE = YES;
				IPHONEOS_DEPLOYMENT_TARGET = 12.2;
				MTL_ENABLE_DEBUG_INFO = NO;
				MTL_FAST_MATH = YES;
				SDKROOT = iphoneos;
				SWIFT_COMPILATION_MODE = wholemodule;
				SWIFT_OPTIMIZATION_LEVEL = "-O";
				VALIDATE_PRODUCT = YES;
			};
			name = Release;
		};
		26E75A3822E08C2D00D53C4B /* Debug */ = {
			isa = XCBuildConfiguration;
			buildSettings = {
				ASSETCATALOG_COMPILER_APPICON_NAME = AppIcon;
				CODE_SIGN_IDENTITY = "iPhone Developer";
				CODE_SIGN_STYLE = Automatic;
				DEVELOPMENT_TEAM = QH3KDF7L87;
				ENABLE_BITCODE = NO;
				INFOPLIST_FILE = "$(SRCROOT)/cross/Info.plist";
				PRODUCT_BUNDLE_IDENTIFIER = "com.shaidin.$(TARGET_NAME)";
				PRODUCT_NAME = "$(TARGET_NAME)";
				SWIFT_OBJC_BRIDGING_HEADER = cross/BridgeCore.h;
				SWIFT_VERSION = 5.0;
			};
			name = Debug;
		};
		26E75A3922E08C2D00D53C4B /* Release */ = {
			isa = XCBuildConfiguration;
			buildSettings = {
				ASSETCATALOG_COMPILER_APPICON_NAME = AppIcon;
				CODE_SIGN_IDENTITY = "iPhone Developer";
				CODE_SIGN_STYLE = Automatic;
				DEVELOPMENT_TEAM = QH3KDF7L87;
				ENABLE_BITCODE = NO;
				INFOPLIST_FILE = "$(SRCROOT)/cross/Info.plist";
				PRODUCT_BUNDLE_IDENTIFIER = "com.shaidin.$(TARGET_NAME)";
				PRODUCT_NAME = "$(TARGET_NAME)";
				SWIFT_OBJC_BRIDGING_HEADER = cross/BridgeCore.h;
				SWIFT_VERSION = 5.0;
			};
			name = Release;
		};
/* End XCBuildConfiguration section */

/* Begin XCConfigurationList section */
		26E75A2022E08C2C00D53C4B /* Build configuration list for PBXProject "cross" */ = {
			isa = XCConfigurationList;
			buildConfigurations = (
				26E75A3522E08C2D00D53C4B /* Debug */,
				26E75A3622E08C2D00D53C4B /* Release */,
			);
			defaultConfigurationIsVisible = 0;
			defaultConfigurationName = Release;
		};
		26E75A3722E08C2D00D53C4B /* Build configuration list for PBXNativeTarget "cross" */ = {
			isa = XCConfigurationList;
			buildConfigurations = (
				26E75A3822E08C2D00D53C4B /* Debug */,
				26E75A3922E08C2D00D53C4B /* Release */,
			);
			defaultConfigurationIsVisible = 0;
			defaultConfigurationName = Release;
		};
/* End XCConfigurationList section */
	};
	rootObject = 26E75A1D22E08C2C00D53C4B /* Project object */;
}
